
Microsoft Visual Studio Solution File, Format Version 12.00
# Visual Studio Version 16
VisualStudioVersion = 16.0.32002.261
MinimumVisualStudioVersion = 10.0.40219.1
Project("{FAE04EC0-301F-11D3-BF4B-00C04F79EFBC}") = "MathCompetition", "project\MathCompetition.csproj", "{BF4E23ED-931B-4B4A-9D61-A6079AF0B8AF}"
EndProject
Global
	GlobalSection(SolutionConfigurationPlatforms) = preSolution
		Debug|Any CPU = Debug|Any CPU
		Release|Any CPU = Release|Any CPU
	EndGlobalSection
	GlobalSection(ProjectConfigurationPlatforms) = postSolution
		{BF4E23ED-931B-4B4A-9D61-A6079AF0B8AF}.Debug|Any CPU.ActiveCfg = Debug|Any CPU
		{BF4E23ED-931B-4B4A-9D61-A6079AF0B8AF}.Debug|Any CPU.Build.0 = Debug|Any CPU
		{BF4E23ED-931B-4B4A-9D61-A6079AF0B8AF}.Release|Any CPU.ActiveCfg = Release|Any CPU
		{BF4E23ED-931B-4B4A-9D61-A6079AF0B8AF}.Release|Any CPU.Build.0 = Release|Any CPU
	EndGlobalSection
	GlobalSection(SolutionProperties) = preSolution
		HideSolutionNode = FALSE
	EndGlobalSection
	GlobalSection(ExtensibilityGlobals) = postSolution
		SolutionGuid = {6EDFA8AD-0694-4F6F-B727-88B7CFBD4983}
	EndGlobalSection
EndGlobal
